
Microsoft Visual Studio Solution File, Format Version 12.00
# Visual Studio Version 17
VisualStudioVersion = 17.4.33213.308
MinimumVisualStudioVersion = 10.0.40219.1
Project("{FAE04EC0-301F-11D3-BF4B-00C04F79EFBC}") = "WindowsFormsPaint", "WindowsFormsPaint\WindowsFormsPaint.csproj", "{0BD24FB7-5C5A-4A23-9AA9-344552ECF8A8}"
EndProject
Project("{FAE04EC0-301F-11D3-BF4B-00C04F79EFBC}") = "FiguresLibrary", "FiguresLibrary\FiguresLibrary.csproj", "{689F7DA1-599E-4041-B7DE-0ACE3EF1FE10}"
EndProject
Global
	GlobalSection(SolutionConfigurationPlatforms) = preSolution
		Debug|Any CPU = Debug|Any CPU
		Release|Any CPU = Release|Any CPU
	EndGlobalSection
	GlobalSection(ProjectConfigurationPlatforms) = postSolution
		{0BD24FB7-5C5A-4A23-9AA9-344552ECF8A8}.Debug|Any CPU.ActiveCfg = Debug|Any CPU
		{0BD24FB7-5C5A-4A23-9AA9-344552ECF8A8}.Debug|Any CPU.Build.0 = Debug|Any CPU
		{0BD24FB7-5C5A-4A23-9AA9-344552ECF8A8}.Release|Any CPU.ActiveCfg = Release|Any CPU
		{0BD24FB7-5C5A-4A23-9AA9-344552ECF8A8}.Release|Any CPU.Build.0 = Release|Any CPU
		{689F7DA1-599E-4041-B7DE-0ACE3EF1FE10}.Debug|Any CPU.ActiveCfg = Debug|Any CPU
		{689F7DA1-599E-4041-B7DE-0ACE3EF1FE10}.Debug|Any CPU.Build.0 = Debug|Any CPU
		{689F7DA1-599E-4041-B7DE-0ACE3EF1FE10}.Release|Any CPU.ActiveCfg = Release|Any CPU
		{689F7DA1-599E-4041-B7DE-0ACE3EF1FE10}.Release|Any CPU.Build.0 = Release|Any CPU
	EndGlobalSection
	GlobalSection(SolutionProperties) = preSolution
		HideSolutionNode = FALSE
	EndGlobalSection
	GlobalSection(ExtensibilityGlobals) = postSolution
		SolutionGuid = {74F7B919-A448-4A47-B9A4-31B6192A48AC}
	EndGlobalSection
EndGlobal
